// !$*UTF8*$!
{
	archiveVersion = 1;
	classes = {
	};
	objectVersion = 56;
	objects = {

/* Begin PBXBuildFile section */
		960DBFE62AE3B08900895862 /* SwiftfulCryptoApp.swift in Sources */ = {isa = PBXBuildFile; fileRef = 960DBFE52AE3B08900895862 /* SwiftfulCryptoApp.swift */; };
		960DBFE82AE3B08900895862 /* ContentView.swift in Sources */ = {isa = PBXBuildFile; fileRef = 960DBFE72AE3B08900895862 /* ContentView.swift */; };
		960DBFED2AE3B08A00895862 /* Preview Assets.xcassets in Resources */ = {isa = PBXBuildFile; fileRef = 960DBFEC2AE3B08A00895862 /* Preview Assets.xcassets */; };
		960DBFF72AE3B08A00895862 /* SwiftfulCryptoTests.swift in Sources */ = {isa = PBXBuildFile; fileRef = 960DBFF62AE3B08A00895862 /* SwiftfulCryptoTests.swift */; };
		960DC0012AE3B08A00895862 /* SwiftfulCryptoUITests.swift in Sources */ = {isa = PBXBuildFile; fileRef = 960DC0002AE3B08A00895862 /* SwiftfulCryptoUITests.swift */; };
		960DC0032AE3B08A00895862 /* SwiftfulCryptoUITestsLaunchTests.swift in Sources */ = {isa = PBXBuildFile; fileRef = 960DC0022AE3B08A00895862 /* SwiftfulCryptoUITestsLaunchTests.swift */; };
		960DC0102AE3B6F700895862 /* Assets.xcassets in Resources */ = {isa = PBXBuildFile; fileRef = 960DC00F2AE3B6F700895862 /* Assets.xcassets */; };
		960DC0132AE3C34300895862 /* Color.swift in Sources */ = {isa = PBXBuildFile; fileRef = 960DC0122AE3C34300895862 /* Color.swift */; };
		960DC0192AE408D400895862 /* HomeView.swift in Sources */ = {isa = PBXBuildFile; fileRef = 960DC0182AE408D400895862 /* HomeView.swift */; };
		960DC01D2AE40AF800895862 /* CircleButtonView.swift in Sources */ = {isa = PBXBuildFile; fileRef = 960DC01C2AE40AF800895862 /* CircleButtonView.swift */; };
		960DC01F2AE42DC300895862 /* CircleButtonAnimationView.swift in Sources */ = {isa = PBXBuildFile; fileRef = 960DC01E2AE42DC300895862 /* CircleButtonAnimationView.swift */; };
/* End PBXBuildFile section */

/* Begin PBXContainerItemProxy section */
		960DBFF32AE3B08A00895862 /* PBXContainerItemProxy */ = {
			isa = PBXContainerItemProxy;
			containerPortal = 960DBFDA2AE3B08900895862 /* Project object */;
			proxyType = 1;
			remoteGlobalIDString = 960DBFE12AE3B08900895862;
			remoteInfo = SwiftfulCrypto;
		};
		960DBFFD2AE3B08A00895862 /* PBXContainerItemProxy */ = {
			isa = PBXContainerItemProxy;
			containerPortal = 960DBFDA2AE3B08900895862 /* Project object */;
			proxyType = 1;
			remoteGlobalIDString = 960DBFE12AE3B08900895862;
			remoteInfo = SwiftfulCrypto;
		};
/* End PBXContainerItemProxy section */

/* Begin PBXFileReference section */
		960DBFE22AE3B08900895862 /* SwiftfulCrypto.app */ = {isa = PBXFileReference; explicitFileType = wrapper.application; includeInIndex = 0; path = SwiftfulCrypto.app; sourceTree = BUILT_PRODUCTS_DIR; };
		960DBFE52AE3B08900895862 /* SwiftfulCryptoApp.swift */ = {isa = PBXFileReference; lastKnownFileType = sourcecode.swift; path = SwiftfulCryptoApp.swift; sourceTree = "<group>"; };
		960DBFE72AE3B08900895862 /* ContentView.swift */ = {isa = PBXFileReference; lastKnownFileType = sourcecode.swift; path = ContentView.swift; sourceTree = "<group>"; };
		960DBFEC2AE3B08A00895862 /* Preview Assets.xcassets */ = {isa = PBXFileReference; lastKnownFileType = folder.assetcatalog; path = "Preview Assets.xcassets"; sourceTree = "<group>"; };
		960DBFF22AE3B08A00895862 /* SwiftfulCryptoTests.xctest */ = {isa = PBXFileReference; explicitFileType = wrapper.cfbundle; includeInIndex = 0; path = SwiftfulCryptoTests.xctest; sourceTree = BUILT_PRODUCTS_DIR; };
		960DBFF62AE3B08A00895862 /* SwiftfulCryptoTests.swift */ = {isa = PBXFileReference; lastKnownFileType = sourcecode.swift; path = SwiftfulCryptoTests.swift; sourceTree = "<group>"; };
		960DBFFC2AE3B08A00895862 /* SwiftfulCryptoUITests.xctest */ = {isa = PBXFileReference; explicitFileType = wrapper.cfbundle; includeInIndex = 0; path = SwiftfulCryptoUITests.xctest; sourceTree = BUILT_PRODUCTS_DIR; };
		960DC0002AE3B08A00895862 /* SwiftfulCryptoUITests.swift */ = {isa = PBXFileReference; lastKnownFileType = sourcecode.swift; path = SwiftfulCryptoUITests.swift; sourceTree = "<group>"; };
		960DC0022AE3B08A00895862 /* SwiftfulCryptoUITestsLaunchTests.swift */ = {isa = PBXFileReference; lastKnownFileType = sourcecode.swift; path = SwiftfulCryptoUITestsLaunchTests.swift; sourceTree = "<group>"; };
		960DC00F2AE3B6F700895862 /* Assets.xcassets */ = {isa = PBXFileReference; lastKnownFileType = folder.assetcatalog; name = Assets.xcassets; path = ../../Resources/Assets.xcassets; sourceTree = "<group>"; };
		960DC0122AE3C34300895862 /* Color.swift */ = {isa = PBXFileReference; lastKnownFileType = sourcecode.swift; path = Color.swift; sourceTree = "<group>"; };
		960DC0182AE408D400895862 /* HomeView.swift */ = {isa = PBXFileReference; lastKnownFileType = sourcecode.swift; path = HomeView.swift; sourceTree = "<group>"; };
		960DC01C2AE40AF800895862 /* CircleButtonView.swift */ = {isa = PBXFileReference; lastKnownFileType = sourcecode.swift; path = CircleButtonView.swift; sourceTree = "<group>"; };
		960DC01E2AE42DC300895862 /* CircleButtonAnimationView.swift */ = {isa = PBXFileReference; lastKnownFileType = sourcecode.swift; path = CircleButtonAnimationView.swift; sourceTree = "<group>"; };
/* End PBXFileReference section */

/* Begin PBXFrameworksBuildPhase section */
		960DBFDF2AE3B08900895862 /* Frameworks */ = {
			isa = PBXFrameworksBuildPhase;
			buildActionMask = 2147483647;
			files = (
			);
			runOnlyForDeploymentPostprocessing = 0;
		};
		960DBFEF2AE3B08A00895862 /* Frameworks */ = {
			isa = PBXFrameworksBuildPhase;
			buildActionMask = 2147483647;
			files = (
			);
			runOnlyForDeploymentPostprocessing = 0;
		};
		960DBFF92AE3B08A00895862 /* Frameworks */ = {
			isa = PBXFrameworksBuildPhase;
			buildActionMask = 2147483647;
			files = (
			);
			runOnlyForDeploymentPostprocessing = 0;
		};
/* End PBXFrameworksBuildPhase section */

/* Begin PBXGroup section */
		960DBFD92AE3B08900895862 = {
			isa = PBXGroup;
			children = (
				960DBFE42AE3B08900895862 /* SwiftfulCrypto */,
				960DBFF52AE3B08A00895862 /* SwiftfulCryptoTests */,
				960DBFFF2AE3B08A00895862 /* SwiftfulCryptoUITests */,
				960DBFE32AE3B08900895862 /* Products */,
			);
			sourceTree = "<group>";
		};
		960DBFE32AE3B08900895862 /* Products */ = {
			isa = PBXGroup;
			children = (
				960DBFE22AE3B08900895862 /* SwiftfulCrypto.app */,
				960DBFF22AE3B08A00895862 /* SwiftfulCryptoTests.xctest */,
				960DBFFC2AE3B08A00895862 /* SwiftfulCryptoUITests.xctest */,
			);
			name = Products;
			sourceTree = "<group>";
		};
		960DBFE42AE3B08900895862 /* SwiftfulCrypto */ = {
			isa = PBXGroup;
			children = (
				960DBFE52AE3B08900895862 /* SwiftfulCryptoApp.swift */,
				960DBFE72AE3B08900895862 /* ContentView.swift */,
				960DC0142AE4089C00895862 /* Core */,
				960DC0112AE3C02F00895862 /* Extensions */,
				960DC00F2AE3B6F700895862 /* Assets.xcassets */,
				960DBFEB2AE3B08A00895862 /* Preview Content */,
			);
			path = SwiftfulCrypto;
			sourceTree = "<group>";
		};
		960DBFEB2AE3B08A00895862 /* Preview Content */ = {
			isa = PBXGroup;
			children = (
				960DBFEC2AE3B08A00895862 /* Preview Assets.xcassets */,
			);
			path = "Preview Content";
			sourceTree = "<group>";
		};
		960DBFF52AE3B08A00895862 /* SwiftfulCryptoTests */ = {
			isa = PBXGroup;
			children = (
				960DBFF62AE3B08A00895862 /* SwiftfulCryptoTests.swift */,
			);
			path = SwiftfulCryptoTests;
			sourceTree = "<group>";
		};
		960DBFFF2AE3B08A00895862 /* SwiftfulCryptoUITests */ = {
			isa = PBXGroup;
			children = (
				960DC0002AE3B08A00895862 /* SwiftfulCryptoUITests.swift */,
				960DC0022AE3B08A00895862 /* SwiftfulCryptoUITestsLaunchTests.swift */,
			);
			path = SwiftfulCryptoUITests;
			sourceTree = "<group>";
		};
		960DC0112AE3C02F00895862 /* Extensions */ = {
			isa = PBXGroup;
			children = (
				960DC0122AE3C34300895862 /* Color.swift */,
			);
			path = Extensions;
			sourceTree = "<group>";
		};
		960DC0142AE4089C00895862 /* Core */ = {
			isa = PBXGroup;
			children = (
				960DC01A2AE40ACD00895862 /* Components */,
				960DC0152AE408A600895862 /* Home */,
			);
			path = Core;
			sourceTree = "<group>";
		};
		960DC0152AE408A600895862 /* Home */ = {
			isa = PBXGroup;
			children = (
				960DC0172AE408B900895862 /* Views */,
				960DC0162AE408AC00895862 /* ViewModels */,
			);
			path = Home;
			sourceTree = "<group>";
		};
		960DC0162AE408AC00895862 /* ViewModels */ = {
			isa = PBXGroup;
			children = (
			);
			path = ViewModels;
			sourceTree = "<group>";
		};
		960DC0172AE408B900895862 /* Views */ = {
			isa = PBXGroup;
			children = (
				960DC0182AE408D400895862 /* HomeView.swift */,
			);
			path = Views;
			sourceTree = "<group>";
		};
		960DC01A2AE40ACD00895862 /* Components */ = {
			isa = PBXGroup;
			children = (
				960DC01B2AE40ADC00895862 /* CircleButton */,
			);
			path = Components;
			sourceTree = "<group>";
		};
		960DC01B2AE40ADC00895862 /* CircleButton */ = {
			isa = PBXGroup;
			children = (
				960DC01C2AE40AF800895862 /* CircleButtonView.swift */,
				960DC01E2AE42DC300895862 /* CircleButtonAnimationView.swift */,
			);
			path = CircleButton;
			sourceTree = "<group>";
		};
/* End PBXGroup section */

/* Begin PBXNativeTarget section */
		960DBFE12AE3B08900895862 /* SwiftfulCrypto */ = {
			isa = PBXNativeTarget;
			buildConfigurationList = 960DC0062AE3B08A00895862 /* Build configuration list for PBXNativeTarget "SwiftfulCrypto" */;
			buildPhases = (
				960DBFDE2AE3B08900895862 /* Sources */,
				960DBFDF2AE3B08900895862 /* Frameworks */,
				960DBFE02AE3B08900895862 /* Resources */,
			);
			buildRules = (
			);
			dependencies = (
			);
			name = SwiftfulCrypto;
			productName = SwiftfulCrypto;
			productReference = 960DBFE22AE3B08900895862 /* SwiftfulCrypto.app */;
			productType = "com.apple.product-type.application";
		};
		960DBFF12AE3B08A00895862 /* SwiftfulCryptoTests */ = {
			isa = PBXNativeTarget;
			buildConfigurationList = 960DC0092AE3B08A00895862 /* Build configuration list for PBXNativeTarget "SwiftfulCryptoTests" */;
			buildPhases = (
				960DBFEE2AE3B08A00895862 /* Sources */,
				960DBFEF2AE3B08A00895862 /* Frameworks */,
				960DBFF02AE3B08A00895862 /* Resources */,
			);
			buildRules = (
			);
			dependencies = (
				960DBFF42AE3B08A00895862 /* PBXTargetDependency */,
			);
			name = SwiftfulCryptoTests;
			productName = SwiftfulCryptoTests;
			productReference = 960DBFF22AE3B08A00895862 /* SwiftfulCryptoTests.xctest */;
			productType = "com.apple.product-type.bundle.unit-test";
		};
		960DBFFB2AE3B08A00895862 /* SwiftfulCryptoUITests */ = {
			isa = PBXNativeTarget;
			buildConfigurationList = 960DC00C2AE3B08A00895862 /* Build configuration list for PBXNativeTarget "SwiftfulCryptoUITests" */;
			buildPhases = (
				960DBFF82AE3B08A00895862 /* Sources */,
				960DBFF92AE3B08A00895862 /* Frameworks */,
				960DBFFA2AE3B08A00895862 /* Resources */,
			);
			buildRules = (
			);
			dependencies = (
				960DBFFE2AE3B08A00895862 /* PBXTargetDependency */,
			);
			name = SwiftfulCryptoUITests;
			productName = SwiftfulCryptoUITests;
			productReference = 960DBFFC2AE3B08A00895862 /* SwiftfulCryptoUITests.xctest */;
			productType = "com.apple.product-type.bundle.ui-testing";
		};
/* End PBXNativeTarget section */

/* Begin PBXProject section */
		960DBFDA2AE3B08900895862 /* Project object */ = {
			isa = PBXProject;
			attributes = {
				BuildIndependentTargetsInParallel = 1;
				LastSwiftUpdateCheck = 1500;
				LastUpgradeCheck = 1500;
				TargetAttributes = {
					960DBFE12AE3B08900895862 = {
						CreatedOnToolsVersion = 15.0;
					};
					960DBFF12AE3B08A00895862 = {
						CreatedOnToolsVersion = 15.0;
						TestTargetID = 960DBFE12AE3B08900895862;
					};
					960DBFFB2AE3B08A00895862 = {
						CreatedOnToolsVersion = 15.0;
						TestTargetID = 960DBFE12AE3B08900895862;
					};
				};
			};
			buildConfigurationList = 960DBFDD2AE3B08900895862 /* Build configuration list for PBXProject "SwiftfulCrypto" */;
			compatibilityVersion = "Xcode 14.0";
			developmentRegion = en;
			hasScannedForEncodings = 0;
			knownRegions = (
				en,
				Base,
			);
			mainGroup = 960DBFD92AE3B08900895862;
			productRefGroup = 960DBFE32AE3B08900895862 /* Products */;
			projectDirPath = "";
			projectRoot = "";
			targets = (
				960DBFE12AE3B08900895862 /* SwiftfulCrypto */,
				960DBFF12AE3B08A00895862 /* SwiftfulCryptoTests */,
				960DBFFB2AE3B08A00895862 /* SwiftfulCryptoUITests */,
			);
		};
/* End PBXProject section */

/* Begin PBXResourcesBuildPhase section */
		960DBFE02AE3B08900895862 /* Resources */ = {
			isa = PBXResourcesBuildPhase;
			buildActionMask = 2147483647;
			files = (
				960DBFED2AE3B08A00895862 /* Preview Assets.xcassets in Resources */,
				960DC0102AE3B6F700895862 /* Assets.xcassets in Resources */,
			);
			runOnlyForDeploymentPostprocessing = 0;
		};
		960DBFF02AE3B08A00895862 /* Resources */ = {
			isa = PBXResourcesBuildPhase;
			buildActionMask = 2147483647;
			files = (
			);
			runOnlyForDeploymentPostprocessing = 0;
		};
		960DBFFA2AE3B08A00895862 /* Resources */ = {
			isa = PBXResourcesBuildPhase;
			buildActionMask = 2147483647;
			files = (
			);
			runOnlyForDeploymentPostprocessing = 0;
		};
/* End PBXResourcesBuildPhase section */

/* Begin PBXSourcesBuildPhase section */
		960DBFDE2AE3B08900895862 /* Sources */ = {
			isa = PBXSourcesBuildPhase;
			buildActionMask = 2147483647;
			files = (
				960DBFE82AE3B08900895862 /* ContentView.swift in Sources */,
				960DC0192AE408D400895862 /* HomeView.swift in Sources */,
				960DBFE62AE3B08900895862 /* SwiftfulCryptoApp.swift in Sources */,
				960DC01D2AE40AF800895862 /* CircleButtonView.swift in Sources */,
				960DC0132AE3C34300895862 /* Color.swift in Sources */,
				960DC01F2AE42DC300895862 /* CircleButtonAnimationView.swift in Sources */,
			);
			runOnlyForDeploymentPostprocessing = 0;
		};
		960DBFEE2AE3B08A00895862 /* Sources */ = {
			isa = PBXSourcesBuildPhase;
			buildActionMask = 2147483647;
			files = (
				960DBFF72AE3B08A00895862 /* SwiftfulCryptoTests.swift in Sources */,
			);
			runOnlyForDeploymentPostprocessing = 0;
		};
		960DBFF82AE3B08A00895862 /* Sources */ = {
			isa = PBXSourcesBuildPhase;
			buildActionMask = 2147483647;
			files = (
				960DC0012AE3B08A00895862 /* SwiftfulCryptoUITests.swift in Sources */,
				960DC0032AE3B08A00895862 /* SwiftfulCryptoUITestsLaunchTests.swift in Sources */,
			);
			runOnlyForDeploymentPostprocessing = 0;
		};
/* End PBXSourcesBuildPhase section */

/* Begin PBXTargetDependency section */
		960DBFF42AE3B08A00895862 /* PBXTargetDependency */ = {
			isa = PBXTargetDependency;
			target = 960DBFE12AE3B08900895862 /* SwiftfulCrypto */;
			targetProxy = 960DBFF32AE3B08A00895862 /* PBXContainerItemProxy */;
		};
		960DBFFE2AE3B08A00895862 /* PBXTargetDependency */ = {
			isa = PBXTargetDependency;
			target = 960DBFE12AE3B08900895862 /* SwiftfulCrypto */;
			targetProxy = 960DBFFD2AE3B08A00895862 /* PBXContainerItemProxy */;
		};
/* End PBXTargetDependency section */

/* Begin XCBuildConfiguration section */
		960DC0042AE3B08A00895862 /* Debug */ = {
			isa = XCBuildConfiguration;
			buildSettings = {
				ALWAYS_SEARCH_USER_PATHS = NO;
				ASSETCATALOG_COMPILER_GENERATE_SWIFT_ASSET_SYMBOL_EXTENSIONS = YES;
				CLANG_ANALYZER_NONNULL = YES;
				CLANG_ANALYZER_NUMBER_OBJECT_CONVERSION = YES_AGGRESSIVE;
				CLANG_CXX_LANGUAGE_STANDARD = "gnu++20";
				CLANG_ENABLE_MODULES = YES;
				CLANG_ENABLE_OBJC_ARC = YES;
				CLANG_ENABLE_OBJC_WEAK = YES;
				CLANG_WARN_BLOCK_CAPTURE_AUTORELEASING = YES;
				CLANG_WARN_BOOL_CONVERSION = YES;
				CLANG_WARN_COMMA = YES;
				CLANG_WARN_CONSTANT_CONVERSION = YES;
				CLANG_WARN_DEPRECATED_OBJC_IMPLEMENTATIONS = YES;
				CLANG_WARN_DIRECT_OBJC_ISA_USAGE = YES_ERROR;
				CLANG_WARN_DOCUMENTATION_COMMENTS = YES;
				CLANG_WARN_EMPTY_BODY = YES;
				CLANG_WARN_ENUM_CONVERSION = YES;
				CLANG_WARN_INFINITE_RECURSION = YES;
				CLANG_WARN_INT_CONVERSION = YES;
				CLANG_WARN_NON_LITERAL_NULL_CONVERSION = YES;
				CLANG_WARN_OBJC_IMPLICIT_RETAIN_SELF = YES;
				CLANG_WARN_OBJC_LITERAL_CONVERSION = YES;
				CLANG_WARN_OBJC_ROOT_CLASS = YES_ERROR;
				CLANG_WARN_QUOTED_INCLUDE_IN_FRAMEWORK_HEADER = YES;
				CLANG_WARN_RANGE_LOOP_ANALYSIS = YES;
				CLANG_WARN_STRICT_PROTOTYPES = YES;
				CLANG_WARN_SUSPICIOUS_MOVE = YES;
				CLANG_WARN_UNGUARDED_AVAILABILITY = YES_AGGRESSIVE;
				CLANG_WARN_UNREACHABLE_CODE = YES;
				CLANG_WARN__DUPLICATE_METHOD_MATCH = YES;
				COPY_PHASE_STRIP = NO;
				DEBUG_INFORMATION_FORMAT = dwarf;
				ENABLE_STRICT_OBJC_MSGSEND = YES;
				ENABLE_TESTABILITY = YES;
				ENABLE_USER_SCRIPT_SANDBOXING = YES;
				GCC_C_LANGUAGE_STANDARD = gnu17;
				GCC_DYNAMIC_NO_PIC = NO;
				GCC_NO_COMMON_BLOCKS = YES;
				GCC_OPTIMIZATION_LEVEL = 0;
				GCC_PREPROCESSOR_DEFINITIONS = (
					"DEBUG=1",
					"$(inherited)",
				);
				GCC_WARN_64_TO_32_BIT_CONVERSION = YES;
				GCC_WARN_ABOUT_RETURN_TYPE = YES_ERROR;
				GCC_WARN_UNDECLARED_SELECTOR = YES;
				GCC_WARN_UNINITIALIZED_AUTOS = YES_AGGRESSIVE;
				GCC_WARN_UNUSED_FUNCTION = YES;
				GCC_WARN_UNUSED_VARIABLE = YES;
				IPHONEOS_DEPLOYMENT_TARGET = 17.0;
				LOCALIZATION_PREFERS_STRING_CATALOGS = YES;
				MTL_ENABLE_DEBUG_INFO = INCLUDE_SOURCE;
				MTL_FAST_MATH = YES;
				ONLY_ACTIVE_ARCH = YES;
				SDKROOT = iphoneos;
				SWIFT_ACTIVE_COMPILATION_CONDITIONS = "DEBUG $(inherited)";
				SWIFT_OPTIMIZATION_LEVEL = "-Onone";
			};
			name = Debug;
		};
		960DC0052AE3B08A00895862 /* Release */ = {
			isa = XCBuildConfiguration;
			buildSettings = {
				ALWAYS_SEARCH_USER_PATHS = NO;
				ASSETCATALOG_COMPILER_GENERATE_SWIFT_ASSET_SYMBOL_EXTENSIONS = YES;
				CLANG_ANALYZER_NONNULL = YES;
				CLANG_ANALYZER_NUMBER_OBJECT_CONVERSION = YES_AGGRESSIVE;
				CLANG_CXX_LANGUAGE_STANDARD = "gnu++20";
				CLANG_ENABLE_MODULES = YES;
				CLANG_ENABLE_OBJC_ARC = YES;
				CLANG_ENABLE_OBJC_WEAK = YES;
				CLANG_WARN_BLOCK_CAPTURE_AUTORELEASING = YES;
				CLANG_WARN_BOOL_CONVERSION = YES;
				CLANG_WARN_COMMA = YES;
				CLANG_WARN_CONSTANT_CONVERSION = YES;
				CLANG_WARN_DEPRECATED_OBJC_IMPLEMENTATIONS = YES;
				CLANG_WARN_DIRECT_OBJC_ISA_USAGE = YES_ERROR;
				CLANG_WARN_DOCUMENTATION_COMMENTS = YES;
				CLANG_WARN_EMPTY_BODY = YES;
				CLANG_WARN_ENUM_CONVERSION = YES;
				CLANG_WARN_INFINITE_RECURSION = YES;
				CLANG_WARN_INT_CONVERSION = YES;
				CLANG_WARN_NON_LITERAL_NULL_CONVERSION = YES;
				CLANG_WARN_OBJC_IMPLICIT_RETAIN_SELF = YES;
				CLANG_WARN_OBJC_LITERAL_CONVERSION = YES;
				CLANG_WARN_OBJC_ROOT_CLASS = YES_ERROR;
				CLANG_WARN_QUOTED_INCLUDE_IN_FRAMEWORK_HEADER = YES;
				CLANG_WARN_RANGE_LOOP_ANALYSIS = YES;
				CLANG_WARN_STRICT_PROTOTYPES = YES;
				CLANG_WARN_SUSPICIOUS_MOVE = YES;
				CLANG_WARN_UNGUARDED_AVAILABILITY = YES_AGGRESSIVE;
				CLANG_WARN_UNREACHABLE_CODE = YES;
				CLANG_WARN__DUPLICATE_METHOD_MATCH = YES;
				COPY_PHASE_STRIP = NO;
				DEBUG_INFORMATION_FORMAT = "dwarf-with-dsym";
				ENABLE_NS_ASSERTIONS = NO;
				ENABLE_STRICT_OBJC_MSGSEND = YES;
				ENABLE_USER_SCRIPT_SANDBOXING = YES;
				GCC_C_LANGUAGE_STANDARD = gnu17;
				GCC_NO_COMMON_BLOCKS = YES;
				GCC_WARN_64_TO_32_BIT_CONVERSION = YES;
				GCC_WARN_ABOUT_RETURN_TYPE = YES_ERROR;
				GCC_WARN_UNDECLARED_SELECTOR = YES;
				GCC_WARN_UNINITIALIZED_AUTOS = YES_AGGRESSIVE;
				GCC_WARN_UNUSED_FUNCTION = YES;
				GCC_WARN_UNUSED_VARIABLE = YES;
				IPHONEOS_DEPLOYMENT_TARGET = 17.0;
				LOCALIZATION_PREFERS_STRING_CATALOGS = YES;
				MTL_ENABLE_DEBUG_INFO = NO;
				MTL_FAST_MATH = YES;
				SDKROOT = iphoneos;
				SWIFT_COMPILATION_MODE = wholemodule;
				VALIDATE_PRODUCT = YES;
			};
			name = Release;
		};
		960DC0072AE3B08A00895862 /* Debug */ = {
			isa = XCBuildConfiguration;
			buildSettings = {
				ASSETCATALOG_COMPILER_APPICON_NAME = AppIcon;
				ASSETCATALOG_COMPILER_GLOBAL_ACCENT_COLOR_NAME = AccentColor;
				CODE_SIGN_STYLE = Automatic;
				CURRENT_PROJECT_VERSION = 1;
				DEVELOPMENT_ASSET_PATHS = "\"SwiftfulCrypto/Preview Content\"";
				DEVELOPMENT_TEAM = F9WRYBAMWQ;
				ENABLE_PREVIEWS = YES;
				GENERATE_INFOPLIST_FILE = YES;
				INFOPLIST_KEY_CFBundleDisplayName = "Crypto Tracker";
				INFOPLIST_KEY_UIApplicationSceneManifest_Generation = YES;
				INFOPLIST_KEY_UIApplicationSupportsIndirectInputEvents = YES;
				INFOPLIST_KEY_UILaunchScreen_Generation = YES;
				INFOPLIST_KEY_UISupportedInterfaceOrientations = UIInterfaceOrientationPortrait;
				INFOPLIST_KEY_UISupportedInterfaceOrientations_iPad = "UIInterfaceOrientationLandscapeLeft UIInterfaceOrientationLandscapeRight UIInterfaceOrientationPortrait UIInterfaceOrientationPortraitUpsideDown";
				IPHONEOS_DEPLOYMENT_TARGET = 14.0;
				LD_RUNPATH_SEARCH_PATHS = (
					"$(inherited)",
					"@executable_path/Frameworks",
				);
				MARKETING_VERSION = 1.0;
				PRODUCT_BUNDLE_IDENTIFIER = com.yangwushuo.SwiftfulCrypto;
				PRODUCT_NAME = "$(TARGET_NAME)";
				SUPPORTED_PLATFORMS = "iphoneos iphonesimulator";
				SUPPORTS_MACCATALYST = NO;
				SUPPORTS_MAC_DESIGNED_FOR_IPHONE_IPAD = NO;
				SWIFT_EMIT_LOC_STRINGS = YES;
				SWIFT_VERSION = 5.0;
				TARGETED_DEVICE_FAMILY = 1;
			};
			name = Debug;
		};
		960DC0082AE3B08A00895862 /* Release */ = {
			isa = XCBuildConfiguration;
			buildSettings = {
				ASSETCATALOG_COMPILER_APPICON_NAME = AppIcon;
				ASSETCATALOG_COMPILER_GLOBAL_ACCENT_COLOR_NAME = AccentColor;
				CODE_SIGN_STYLE = Automatic;
				CURRENT_PROJECT_VERSION = 1;
				DEVELOPMENT_ASSET_PATHS = "\"SwiftfulCrypto/Preview Content\"";
				DEVELOPMENT_TEAM = F9WRYBAMWQ;
				ENABLE_PREVIEWS = YES;
				GENERATE_INFOPLIST_FILE = YES;
				INFOPLIST_KEY_CFBundleDisplayName = "Crypto Tracker";
				INFOPLIST_KEY_UIApplicationSceneManifest_Generation = YES;
				INFOPLIST_KEY_UIApplicationSupportsIndirectInputEvents = YES;
				INFOPLIST_KEY_UILaunchScreen_Generation = YES;
				INFOPLIST_KEY_UISupportedInterfaceOrientations = UIInterfaceOrientationPortrait;
				INFOPLIST_KEY_UISupportedInterfaceOrientations_iPad = "UIInterfaceOrientationLandscapeLeft UIInterfaceOrientationLandscapeRight UIInterfaceOrientationPortrait UIInterfaceOrientationPortraitUpsideDown";
				IPHONEOS_DEPLOYMENT_TARGET = 14.0;
				LD_RUNPATH_SEARCH_PATHS = (
					"$(inherited)",
					"@executable_path/Frameworks",
				);
				MARKETING_VERSION = 1.0;
				PRODUCT_BUNDLE_IDENTIFIER = com.yangwushuo.SwiftfulCrypto;
				PRODUCT_NAME = "$(TARGET_NAME)";
				SUPPORTED_PLATFORMS = "iphoneos iphonesimulator";
				SUPPORTS_MACCATALYST = NO;
				SUPPORTS_MAC_DESIGNED_FOR_IPHONE_IPAD = NO;
				SWIFT_EMIT_LOC_STRINGS = YES;
				SWIFT_VERSION = 5.0;
				TARGETED_DEVICE_FAMILY = 1;
			};
			name = Release;
		};
		960DC00A2AE3B08A00895862 /* Debug */ = {
			isa = XCBuildConfiguration;
			buildSettings = {
				ALWAYS_EMBED_SWIFT_STANDARD_LIBRARIES = YES;
				BUNDLE_LOADER = "$(TEST_HOST)";
				CODE_SIGN_STYLE = Automatic;
				CURRENT_PROJECT_VERSION = 1;
				DEVELOPMENT_TEAM = F9WRYBAMWQ;
				GENERATE_INFOPLIST_FILE = YES;
				IPHONEOS_DEPLOYMENT_TARGET = 17.0;
				MARKETING_VERSION = 1.0;
				PRODUCT_BUNDLE_IDENTIFIER = com.yangwushuo.SwiftfulCryptoTests;
				PRODUCT_NAME = "$(TARGET_NAME)";
				SWIFT_EMIT_LOC_STRINGS = NO;
				SWIFT_VERSION = 5.0;
				TARGETED_DEVICE_FAMILY = "1,2";
				TEST_HOST = "$(BUILT_PRODUCTS_DIR)/SwiftfulCrypto.app/$(BUNDLE_EXECUTABLE_FOLDER_PATH)/SwiftfulCrypto";
			};
			name = Debug;
		};
		960DC00B2AE3B08A00895862 /* Release */ = {
			isa = XCBuildConfiguration;
			buildSettings = {
				ALWAYS_EMBED_SWIFT_STANDARD_LIBRARIES = YES;
				BUNDLE_LOADER = "$(TEST_HOST)";
				CODE_SIGN_STYLE = Automatic;
				CURRENT_PROJECT_VERSION = 1;
				DEVELOPMENT_TEAM = F9WRYBAMWQ;
				GENERATE_INFOPLIST_FILE = YES;
				IPHONEOS_DEPLOYMENT_TARGET = 17.0;
				MARKETING_VERSION = 1.0;
				PRODUCT_BUNDLE_IDENTIFIER = com.yangwushuo.SwiftfulCryptoTests;
				PRODUCT_NAME = "$(TARGET_NAME)";
				SWIFT_EMIT_LOC_STRINGS = NO;
				SWIFT_VERSION = 5.0;
				TARGETED_DEVICE_FAMILY = "1,2";
				TEST_HOST = "$(BUILT_PRODUCTS_DIR)/SwiftfulCrypto.app/$(BUNDLE_EXECUTABLE_FOLDER_PATH)/SwiftfulCrypto";
			};
			name = Release;
		};
		960DC00D2AE3B08A00895862 /* Debug */ = {
			isa = XCBuildConfiguration;
			buildSettings = {
				ALWAYS_EMBED_SWIFT_STANDARD_LIBRARIES = YES;
				CODE_SIGN_STYLE = Automatic;
				CURRENT_PROJECT_VERSION = 1;
				DEVELOPMENT_TEAM = F9WRYBAMWQ;
				GENERATE_INFOPLIST_FILE = YES;
				MARKETING_VERSION = 1.0;
				PRODUCT_BUNDLE_IDENTIFIER = com.yangwushuo.SwiftfulCryptoUITests;
				PRODUCT_NAME = "$(TARGET_NAME)";
				SWIFT_EMIT_LOC_STRINGS = NO;
				SWIFT_VERSION = 5.0;
				TARGETED_DEVICE_FAMILY = "1,2";
				TEST_TARGET_NAME = SwiftfulCrypto;
			};
			name = Debug;
		};
		960DC00E2AE3B08A00895862 /* Release */ = {
			isa = XCBuildConfiguration;
			buildSettings = {
				ALWAYS_EMBED_SWIFT_STANDARD_LIBRARIES = YES;
				CODE_SIGN_STYLE = Automatic;
				CURRENT_PROJECT_VERSION = 1;
				DEVELOPMENT_TEAM = F9WRYBAMWQ;
				GENERATE_INFOPLIST_FILE = YES;
				MARKETING_VERSION = 1.0;
				PRODUCT_BUNDLE_IDENTIFIER = com.yangwushuo.SwiftfulCryptoUITests;
				PRODUCT_NAME = "$(TARGET_NAME)";
				SWIFT_EMIT_LOC_STRINGS = NO;
				SWIFT_VERSION = 5.0;
				TARGETED_DEVICE_FAMILY = "1,2";
				TEST_TARGET_NAME = SwiftfulCrypto;
			};
			name = Release;
		};
/* End XCBuildConfiguration section */

/* Begin XCConfigurationList section */
		960DBFDD2AE3B08900895862 /* Build configuration list for PBXProject "SwiftfulCrypto" */ = {
			isa = XCConfigurationList;
			buildConfigurations = (
				960DC0042AE3B08A00895862 /* Debug */,
				960DC0052AE3B08A00895862 /* Release */,
			);
			defaultConfigurationIsVisible = 0;
			defaultConfigurationName = Release;
		};
		960DC0062AE3B08A00895862 /* Build configuration list for PBXNativeTarget "SwiftfulCrypto" */ = {
			isa = XCConfigurationList;
			buildConfigurations = (
				960DC0072AE3B08A00895862 /* Debug */,
				960DC0082AE3B08A00895862 /* Release */,
			);
			defaultConfigurationIsVisible = 0;
			defaultConfigurationName = Release;
		};
		960DC0092AE3B08A00895862 /* Build configuration list for PBXNativeTarget "SwiftfulCryptoTests" */ = {
			isa = XCConfigurationList;
			buildConfigurations = (
				960DC00A2AE3B08A00895862 /* Debug */,
				960DC00B2AE3B08A00895862 /* Release */,
			);
			defaultConfigurationIsVisible = 0;
			defaultConfigurationName = Release;
		};
		960DC00C2AE3B08A00895862 /* Build configuration list for PBXNativeTarget "SwiftfulCryptoUITests" */ = {
			isa = XCConfigurationList;
			buildConfigurations = (
				960DC00D2AE3B08A00895862 /* Debug */,
				960DC00E2AE3B08A00895862 /* Release */,
			);
			defaultConfigurationIsVisible = 0;
			defaultConfigurationName = Release;
		};
/* End XCConfigurationList section */
	};
	rootObject = 960DBFDA2AE3B08900895862 /* Project object */;
}
